
Microsoft Visual Studio Solution File, Format Version 12.00
# Visual Studio Version 17
VisualStudioVersion = 17.0.31903.59
MinimumVisualStudioVersion = 10.0.40219.1
Project("{2150E333-8FDC-42A3-9474-1A3956D46DE8}") = "app", "app", "{95EC9408-2A6C-4AFC-AA8F-C1057E4124D1}"
EndProject
Project("{FAE04EC0-301F-11D3-BF4B-00C04F79EFBC}") = "CTeleport.Weather.Api", "app\WebApi\CTeleport.Weather.Api.csproj", "{EF788121-2FD1-4A6B-8089-07AE91FED3ED}"
EndProject
Project("{2150E333-8FDC-42A3-9474-1A3956D46DE8}") = "tests", "tests", "{8456E765-B9FE-4E0C-A1F4-5D75B05E382A}"
EndProject
Project("{FAE04EC0-301F-11D3-BF4B-00C04F79EFBC}") = "CTeleport.WeatherApi.UnitTests", "tests\CTeleport.WeatherApi.UnitTests\CTeleport.WeatherApi.UnitTests.csproj", "{899B808D-8EB4-4D7C-9511-0CA067768241}"
EndProject
Project("{FAE04EC0-301F-11D3-BF4B-00C04F79EFBC}") = "CTeleport.WeatherApi.IntegrationTests", "tests\CTeleport.WeatherApi.IntegrationTests\CTeleport.WeatherApi.IntegrationTests.csproj", "{4BA4F8C2-54CA-42F3-914F-03FA03A57BDC}"
EndProject
Global
	GlobalSection(SolutionConfigurationPlatforms) = preSolution
		Debug|Any CPU = Debug|Any CPU
		Release|Any CPU = Release|Any CPU
	EndGlobalSection
	GlobalSection(SolutionProperties) = preSolution
		HideSolutionNode = FALSE
	EndGlobalSection
	GlobalSection(ProjectConfigurationPlatforms) = postSolution
		{EF788121-2FD1-4A6B-8089-07AE91FED3ED}.Debug|Any CPU.ActiveCfg = Debug|Any CPU
		{EF788121-2FD1-4A6B-8089-07AE91FED3ED}.Debug|Any CPU.Build.0 = Debug|Any CPU
		{EF788121-2FD1-4A6B-8089-07AE91FED3ED}.Release|Any CPU.ActiveCfg = Release|Any CPU
		{EF788121-2FD1-4A6B-8089-07AE91FED3ED}.Release|Any CPU.Build.0 = Release|Any CPU
		{899B808D-8EB4-4D7C-9511-0CA067768241}.Debug|Any CPU.ActiveCfg = Debug|Any CPU
		{899B808D-8EB4-4D7C-9511-0CA067768241}.Debug|Any CPU.Build.0 = Debug|Any CPU
		{899B808D-8EB4-4D7C-9511-0CA067768241}.Release|Any CPU.ActiveCfg = Release|Any CPU
		{899B808D-8EB4-4D7C-9511-0CA067768241}.Release|Any CPU.Build.0 = Release|Any CPU
		{4BA4F8C2-54CA-42F3-914F-03FA03A57BDC}.Debug|Any CPU.ActiveCfg = Debug|Any CPU
		{4BA4F8C2-54CA-42F3-914F-03FA03A57BDC}.Debug|Any CPU.Build.0 = Debug|Any CPU
		{4BA4F8C2-54CA-42F3-914F-03FA03A57BDC}.Release|Any CPU.ActiveCfg = Release|Any CPU
		{4BA4F8C2-54CA-42F3-914F-03FA03A57BDC}.Release|Any CPU.Build.0 = Release|Any CPU
	EndGlobalSection
	GlobalSection(NestedProjects) = preSolution
		{EF788121-2FD1-4A6B-8089-07AE91FED3ED} = {95EC9408-2A6C-4AFC-AA8F-C1057E4124D1}
		{899B808D-8EB4-4D7C-9511-0CA067768241} = {8456E765-B9FE-4E0C-A1F4-5D75B05E382A}
		{4BA4F8C2-54CA-42F3-914F-03FA03A57BDC} = {8456E765-B9FE-4E0C-A1F4-5D75B05E382A}
	EndGlobalSection
EndGlobal
